
Microsoft Visual Studio Solution File, Format Version 12.00
# Visual Studio Version 17
VisualStudioVersion = 17.2.32630.192
MinimumVisualStudioVersion = 10.0.40219.1
Project("{FAE04EC0-301F-11D3-BF4B-00C04F79EFBC}") = "MovieNowAPI", "MovieNowAPI\MovieNowAPI.csproj", "{3AAD3F0C-8939-40F1-87D9-69F27819D52B}"
EndProject
Global
	GlobalSection(SolutionConfigurationPlatforms) = preSolution
		Debug|Any CPU = Debug|Any CPU
		Release|Any CPU = Release|Any CPU
	EndGlobalSection
	GlobalSection(ProjectConfigurationPlatforms) = postSolution
		{3AAD3F0C-8939-40F1-87D9-69F27819D52B}.Debug|Any CPU.ActiveCfg = Debug|Any CPU
		{3AAD3F0C-8939-40F1-87D9-69F27819D52B}.Debug|Any CPU.Build.0 = Debug|Any CPU
		{3AAD3F0C-8939-40F1-87D9-69F27819D52B}.Release|Any CPU.ActiveCfg = Release|Any CPU
		{3AAD3F0C-8939-40F1-87D9-69F27819D52B}.Release|Any CPU.Build.0 = Release|Any CPU
	EndGlobalSection
	GlobalSection(SolutionProperties) = preSolution
		HideSolutionNode = FALSE
	EndGlobalSection
	GlobalSection(ExtensibilityGlobals) = postSolution
		SolutionGuid = {E39440E9-81C1-4F1A-8CAB-811E17E92EC1}
	EndGlobalSection
EndGlobal
